
Microsoft Visual Studio Solution File, Format Version 12.00
# Visual Studio Version 17
VisualStudioVersion = 17.8.34227.203
MinimumVisualStudioVersion = 10.0.40219.1
Project("{FAE04EC0-301F-11D3-BF4B-00C04F79EFBC}") = "RestaurantV2", "RestaurantV2\RestaurantV2.csproj", "{DBF742F4-021B-4F63-BC98-3F0D87CF20E6}"
EndProject
Global
	GlobalSection(SolutionConfigurationPlatforms) = preSolution
		Debug|Any CPU = Debug|Any CPU
		Release|Any CPU = Release|Any CPU
	EndGlobalSection
	GlobalSection(ProjectConfigurationPlatforms) = postSolution
		{DBF742F4-021B-4F63-BC98-3F0D87CF20E6}.Debug|Any CPU.ActiveCfg = Debug|Any CPU
		{DBF742F4-021B-4F63-BC98-3F0D87CF20E6}.Debug|Any CPU.Build.0 = Debug|Any CPU
		{DBF742F4-021B-4F63-BC98-3F0D87CF20E6}.Release|Any CPU.ActiveCfg = Release|Any CPU
		{DBF742F4-021B-4F63-BC98-3F0D87CF20E6}.Release|Any CPU.Build.0 = Release|Any CPU
	EndGlobalSection
	GlobalSection(SolutionProperties) = preSolution
		HideSolutionNode = FALSE
	EndGlobalSection
	GlobalSection(ExtensibilityGlobals) = postSolution
		SolutionGuid = {04DD6B35-3544-4640-B85F-3C216CCDAF0D}
	EndGlobalSection
EndGlobal
